// !$*UTF8*$!
{
	archiveVersion = 1;
	classes = {
	};
	objectVersion = 50;
	objects = {

/* Begin PBXBuildFile section */
		87F9ED13A12FEB1412095667 /* Pods_FosAppTests.framework in Frameworks */ = {isa = PBXBuildFile; fileRef = FEF7B26833A62DE0E7FBA2CD /* Pods_FosAppTests.framework */; };
		B2150A192199893200F4D498 /* ScoutsKidCell.swift in Sources */ = {isa = PBXBuildFile; fileRef = B2150A182199893200F4D498 /* ScoutsKidCell.swift */; };
		B2150A1E21998BED00F4D498 /* ScoutsKids.swift in Sources */ = {isa = PBXBuildFile; fileRef = B2150A1D21998BED00F4D498 /* ScoutsKids.swift */; };
		B247A5A0218E472500A97B6E /* AppDelegate.swift in Sources */ = {isa = PBXBuildFile; fileRef = B247A59F218E472500A97B6E /* AppDelegate.swift */; };
		B247A5A2218E472600A97B6E /* FirstViewController.swift in Sources */ = {isa = PBXBuildFile; fileRef = B247A5A1218E472600A97B6E /* FirstViewController.swift */; };
		B247A5A7218E472600A97B6E /* Main.storyboard in Resources */ = {isa = PBXBuildFile; fileRef = B247A5A5218E472600A97B6E /* Main.storyboard */; };
		B247A5A9218E472A00A97B6E /* Assets.xcassets in Resources */ = {isa = PBXBuildFile; fileRef = B247A5A8218E472A00A97B6E /* Assets.xcassets */; };
		B247A5AC218E472A00A97B6E /* LaunchScreen.storyboard in Resources */ = {isa = PBXBuildFile; fileRef = B247A5AA218E472A00A97B6E /* LaunchScreen.storyboard */; };
		B247A5B7218E472B00A97B6E /* FosAppTests.swift in Sources */ = {isa = PBXBuildFile; fileRef = B247A5B6218E472B00A97B6E /* FosAppTests.swift */; };
		B247A5C2218E472B00A97B6E /* FosAppUITests.swift in Sources */ = {isa = PBXBuildFile; fileRef = B247A5C1218E472B00A97B6E /* FosAppUITests.swift */; };
		B2E99FCF21D6574F006AC440 /* PresenceListViewModel.swift in Sources */ = {isa = PBXBuildFile; fileRef = B2E99FCE21D6574F006AC440 /* PresenceListViewModel.swift */; };
		B2E99FD121D77D78006AC440 /* AddKidViewController.swift in Sources */ = {isa = PBXBuildFile; fileRef = B2E99FD021D77D78006AC440 /* AddKidViewController.swift */; };
		B2E99FD321D791BC006AC440 /* KidInfoViewController.swift in Sources */ = {isa = PBXBuildFile; fileRef = B2E99FD221D791BC006AC440 /* KidInfoViewController.swift */; };
		B2E99FD621D7A9B2006AC440 /* Datahandler.swift in Sources */ = {isa = PBXBuildFile; fileRef = B2E99FD521D7A9B2006AC440 /* Datahandler.swift */; };
		B2E99FD821D7C1A7006AC440 /* GoogleService-Info.plist in Resources */ = {isa = PBXBuildFile; fileRef = B2E99FD721D7C1A7006AC440 /* GoogleService-Info.plist */; };
		E35AF59B23033136461E3923 /* Pods_FosAppUITests.framework in Frameworks */ = {isa = PBXBuildFile; fileRef = AEF3485A84E60723351BBEE1 /* Pods_FosAppUITests.framework */; };
		FB4784CA8CF069F96540B049 /* Pods_FosApp.framework in Frameworks */ = {isa = PBXBuildFile; fileRef = 232231B51183AB8B9A5FEE7E /* Pods_FosApp.framework */; };
/* End PBXBuildFile section */

/* Begin PBXContainerItemProxy section */
		B247A5B3218E472B00A97B6E /* PBXContainerItemProxy */ = {
			isa = PBXContainerItemProxy;
			containerPortal = B247A594218E472500A97B6E /* Project object */;
			proxyType = 1;
			remoteGlobalIDString = B247A59B218E472500A97B6E;
			remoteInfo = FosApp;
		};
		B247A5BE218E472B00A97B6E /* PBXContainerItemProxy */ = {
			isa = PBXContainerItemProxy;
			containerPortal = B247A594218E472500A97B6E /* Project object */;
			proxyType = 1;
			remoteGlobalIDString = B247A59B218E472500A97B6E;
			remoteInfo = FosApp;
		};
/* End PBXContainerItemProxy section */

/* Begin PBXFileReference section */
		232231B51183AB8B9A5FEE7E /* Pods_FosApp.framework */ = {isa = PBXFileReference; explicitFileType = wrapper.framework; includeInIndex = 0; path = Pods_FosApp.framework; sourceTree = BUILT_PRODUCTS_DIR; };
		5B92A5191C897A36201E8C1C /* Pods-FosAppTests.release.xcconfig */ = {isa = PBXFileReference; includeInIndex = 1; lastKnownFileType = text.xcconfig; name = "Pods-FosAppTests.release.xcconfig"; path = "Pods/Target Support Files/Pods-FosAppTests/Pods-FosAppTests.release.xcconfig"; sourceTree = "<group>"; };
		8A13882976D28DB26135E44E /* Pods-FosAppTests.debug.xcconfig */ = {isa = PBXFileReference; includeInIndex = 1; lastKnownFileType = text.xcconfig; name = "Pods-FosAppTests.debug.xcconfig"; path = "Pods/Target Support Files/Pods-FosAppTests/Pods-FosAppTests.debug.xcconfig"; sourceTree = "<group>"; };
		AEF3485A84E60723351BBEE1 /* Pods_FosAppUITests.framework */ = {isa = PBXFileReference; explicitFileType = wrapper.framework; includeInIndex = 0; path = Pods_FosAppUITests.framework; sourceTree = BUILT_PRODUCTS_DIR; };
		B2150A182199893200F4D498 /* ScoutsKidCell.swift */ = {isa = PBXFileReference; lastKnownFileType = sourcecode.swift; path = ScoutsKidCell.swift; sourceTree = "<group>"; };
		B2150A1D21998BED00F4D498 /* ScoutsKids.swift */ = {isa = PBXFileReference; lastKnownFileType = sourcecode.swift; path = ScoutsKids.swift; sourceTree = "<group>"; };
		B247A59C218E472500A97B6E /* FosApp.app */ = {isa = PBXFileReference; explicitFileType = wrapper.application; includeInIndex = 0; path = FosApp.app; sourceTree = BUILT_PRODUCTS_DIR; };
		B247A59F218E472500A97B6E /* AppDelegate.swift */ = {isa = PBXFileReference; lastKnownFileType = sourcecode.swift; path = AppDelegate.swift; sourceTree = "<group>"; };
		B247A5A1218E472600A97B6E /* FirstViewController.swift */ = {isa = PBXFileReference; lastKnownFileType = sourcecode.swift; path = FirstViewController.swift; sourceTree = "<group>"; };
		B247A5A6218E472600A97B6E /* Base */ = {isa = PBXFileReference; lastKnownFileType = file.storyboard; name = Base; path = Base.lproj/Main.storyboard; sourceTree = "<group>"; };
		B247A5A8218E472A00A97B6E /* Assets.xcassets */ = {isa = PBXFileReference; lastKnownFileType = folder.assetcatalog; path = Assets.xcassets; sourceTree = "<group>"; };
		B247A5AB218E472A00A97B6E /* Base */ = {isa = PBXFileReference; lastKnownFileType = file.storyboard; name = Base; path = Base.lproj/LaunchScreen.storyboard; sourceTree = "<group>"; };
		B247A5AD218E472A00A97B6E /* Info.plist */ = {isa = PBXFileReference; lastKnownFileType = text.plist.xml; path = Info.plist; sourceTree = "<group>"; };
		B247A5B2218E472B00A97B6E /* FosAppTests.xctest */ = {isa = PBXFileReference; explicitFileType = wrapper.cfbundle; includeInIndex = 0; path = FosAppTests.xctest; sourceTree = BUILT_PRODUCTS_DIR; };
		B247A5B6218E472B00A97B6E /* FosAppTests.swift */ = {isa = PBXFileReference; lastKnownFileType = sourcecode.swift; path = FosAppTests.swift; sourceTree = "<group>"; };
		B247A5B8218E472B00A97B6E /* Info.plist */ = {isa = PBXFileReference; lastKnownFileType = text.plist.xml; path = Info.plist; sourceTree = "<group>"; };
		B247A5BD218E472B00A97B6E /* FosAppUITests.xctest */ = {isa = PBXFileReference; explicitFileType = wrapper.cfbundle; includeInIndex = 0; path = FosAppUITests.xctest; sourceTree = BUILT_PRODUCTS_DIR; };
		B247A5C1218E472B00A97B6E /* FosAppUITests.swift */ = {isa = PBXFileReference; lastKnownFileType = sourcecode.swift; path = FosAppUITests.swift; sourceTree = "<group>"; };
		B247A5C3218E472B00A97B6E /* Info.plist */ = {isa = PBXFileReference; lastKnownFileType = text.plist.xml; path = Info.plist; sourceTree = "<group>"; };
		B2E99FCE21D6574F006AC440 /* PresenceListViewModel.swift */ = {isa = PBXFileReference; lastKnownFileType = sourcecode.swift; path = PresenceListViewModel.swift; sourceTree = "<group>"; };
		B2E99FD021D77D78006AC440 /* AddKidViewController.swift */ = {isa = PBXFileReference; lastKnownFileType = sourcecode.swift; path = AddKidViewController.swift; sourceTree = "<group>"; };
		B2E99FD221D791BC006AC440 /* KidInfoViewController.swift */ = {isa = PBXFileReference; lastKnownFileType = sourcecode.swift; path = KidInfoViewController.swift; sourceTree = "<group>"; };
		B2E99FD521D7A9B2006AC440 /* Datahandler.swift */ = {isa = PBXFileReference; lastKnownFileType = sourcecode.swift; path = Datahandler.swift; sourceTree = "<group>"; };
		B2E99FD721D7C1A7006AC440 /* GoogleService-Info.plist */ = {isa = PBXFileReference; fileEncoding = 4; lastKnownFileType = text.plist.xml; name = "GoogleService-Info.plist"; path = "../../../../../Downloads/GoogleService-Info.plist"; sourceTree = "<group>"; };
		BDFF7F44A9091C70134D82B3 /* Pods-FosApp.debug.xcconfig */ = {isa = PBXFileReference; includeInIndex = 1; lastKnownFileType = text.xcconfig; name = "Pods-FosApp.debug.xcconfig"; path = "Pods/Target Support Files/Pods-FosApp/Pods-FosApp.debug.xcconfig"; sourceTree = "<group>"; };
		C0EF602F95A7D541155B3E84 /* Pods-FosAppUITests.release.xcconfig */ = {isa = PBXFileReference; includeInIndex = 1; lastKnownFileType = text.xcconfig; name = "Pods-FosAppUITests.release.xcconfig"; path = "Pods/Target Support Files/Pods-FosAppUITests/Pods-FosAppUITests.release.xcconfig"; sourceTree = "<group>"; };
		CDDFCB5E122DAA4DC3485C7C /* Pods-FosAppUITests.debug.xcconfig */ = {isa = PBXFileReference; includeInIndex = 1; lastKnownFileType = text.xcconfig; name = "Pods-FosAppUITests.debug.xcconfig"; path = "Pods/Target Support Files/Pods-FosAppUITests/Pods-FosAppUITests.debug.xcconfig"; sourceTree = "<group>"; };
		D6D3C1E3C7843D3775FBAD0D /* Pods-FosApp.release.xcconfig */ = {isa = PBXFileReference; includeInIndex = 1; lastKnownFileType = text.xcconfig; name = "Pods-FosApp.release.xcconfig"; path = "Pods/Target Support Files/Pods-FosApp/Pods-FosApp.release.xcconfig"; sourceTree = "<group>"; };
		FEF7B26833A62DE0E7FBA2CD /* Pods_FosAppTests.framework */ = {isa = PBXFileReference; explicitFileType = wrapper.framework; includeInIndex = 0; path = Pods_FosAppTests.framework; sourceTree = BUILT_PRODUCTS_DIR; };
/* End PBXFileReference section */

/* Begin PBXFrameworksBuildPhase section */
		B247A599218E472500A97B6E /* Frameworks */ = {
			isa = PBXFrameworksBuildPhase;
			buildActionMask = 2147483647;
			files = (
				FB4784CA8CF069F96540B049 /* Pods_FosApp.framework in Frameworks */,
			);
			runOnlyForDeploymentPostprocessing = 0;
		};
		B247A5AF218E472B00A97B6E /* Frameworks */ = {
			isa = PBXFrameworksBuildPhase;
			buildActionMask = 2147483647;
			files = (
				87F9ED13A12FEB1412095667 /* Pods_FosAppTests.framework in Frameworks */,
			);
			runOnlyForDeploymentPostprocessing = 0;
		};
		B247A5BA218E472B00A97B6E /* Frameworks */ = {
			isa = PBXFrameworksBuildPhase;
			buildActionMask = 2147483647;
			files = (
				E35AF59B23033136461E3923 /* Pods_FosAppUITests.framework in Frameworks */,
			);
			runOnlyForDeploymentPostprocessing = 0;
		};
/* End PBXFrameworksBuildPhase section */

/* Begin PBXGroup section */
		2E70ECDDAC8621633D8D5B31 /* Frameworks */ = {
			isa = PBXGroup;
			children = (
				232231B51183AB8B9A5FEE7E /* Pods_FosApp.framework */,
				FEF7B26833A62DE0E7FBA2CD /* Pods_FosAppTests.framework */,
				AEF3485A84E60723351BBEE1 /* Pods_FosAppUITests.framework */,
			);
			name = Frameworks;
			sourceTree = "<group>";
		};
		5CC4C8568B45A8675319115D /* Pods */ = {
			isa = PBXGroup;
			children = (
				BDFF7F44A9091C70134D82B3 /* Pods-FosApp.debug.xcconfig */,
				D6D3C1E3C7843D3775FBAD0D /* Pods-FosApp.release.xcconfig */,
				8A13882976D28DB26135E44E /* Pods-FosAppTests.debug.xcconfig */,
				5B92A5191C897A36201E8C1C /* Pods-FosAppTests.release.xcconfig */,
				CDDFCB5E122DAA4DC3485C7C /* Pods-FosAppUITests.debug.xcconfig */,
				C0EF602F95A7D541155B3E84 /* Pods-FosAppUITests.release.xcconfig */,
			);
			name = Pods;
			sourceTree = "<group>";
		};
		B2150A172199891800F4D498 /* TableCell */ = {
			isa = PBXGroup;
			children = (
				B2150A182199893200F4D498 /* ScoutsKidCell.swift */,
			);
			path = TableCell;
			sourceTree = "<group>";
		};
		B2150A1A21998B6100F4D498 /* Domain */ = {
			isa = PBXGroup;
			children = (
				B2150A1D21998BED00F4D498 /* ScoutsKids.swift */,
			);
			path = Domain;
			sourceTree = "<group>";
		};
		B247A593218E472500A97B6E = {
			isa = PBXGroup;
			children = (
				B247A59E218E472500A97B6E /* FosApp */,
				B247A5B5218E472B00A97B6E /* FosAppTests */,
				B247A5C0218E472B00A97B6E /* FosAppUITests */,
				B247A59D218E472500A97B6E /* Products */,
				5CC4C8568B45A8675319115D /* Pods */,
				2E70ECDDAC8621633D8D5B31 /* Frameworks */,
			);
			sourceTree = "<group>";
		};
		B247A59D218E472500A97B6E /* Products */ = {
			isa = PBXGroup;
			children = (
				B247A59C218E472500A97B6E /* FosApp.app */,
				B247A5B2218E472B00A97B6E /* FosAppTests.xctest */,
				B247A5BD218E472B00A97B6E /* FosAppUITests.xctest */,
			);
			name = Products;
			sourceTree = "<group>";
		};
		B247A59E218E472500A97B6E /* FosApp */ = {
			isa = PBXGroup;
			children = (
				B2E99FD421D7A997006AC440 /* Data */,
				B2E99FCD21D65714006AC440 /* Viewmodels */,
				B2E99FCC21D65650006AC440 /* ViewControllers */,
				B2150A1A21998B6100F4D498 /* Domain */,
				B2150A172199891800F4D498 /* TableCell */,
				B247A59F218E472500A97B6E /* AppDelegate.swift */,
				B247A5A5218E472600A97B6E /* Main.storyboard */,
				B2E99FD721D7C1A7006AC440 /* GoogleService-Info.plist */,
				B247A5A8218E472A00A97B6E /* Assets.xcassets */,
				B247A5AA218E472A00A97B6E /* LaunchScreen.storyboard */,
				B247A5AD218E472A00A97B6E /* Info.plist */,
			);
			path = FosApp;
			sourceTree = "<group>";
		};
		B247A5B5218E472B00A97B6E /* FosAppTests */ = {
			isa = PBXGroup;
			children = (
				B247A5B6218E472B00A97B6E /* FosAppTests.swift */,
				B247A5B8218E472B00A97B6E /* Info.plist */,
			);
			path = FosAppTests;
			sourceTree = "<group>";
		};
		B247A5C0218E472B00A97B6E /* FosAppUITests */ = {
			isa = PBXGroup;
			children = (
				B247A5C1218E472B00A97B6E /* FosAppUITests.swift */,
				B247A5C3218E472B00A97B6E /* Info.plist */,
			);
			path = FosAppUITests;
			sourceTree = "<group>";
		};
		B2E99FCC21D65650006AC440 /* ViewControllers */ = {
			isa = PBXGroup;
			children = (
				B247A5A1218E472600A97B6E /* FirstViewController.swift */,
				B2E99FD021D77D78006AC440 /* AddKidViewController.swift */,
				B2E99FD221D791BC006AC440 /* KidInfoViewController.swift */,
			);
			path = ViewControllers;
			sourceTree = "<group>";
		};
		B2E99FCD21D65714006AC440 /* Viewmodels */ = {
			isa = PBXGroup;
			children = (
				B2E99FCE21D6574F006AC440 /* PresenceListViewModel.swift */,
			);
			path = Viewmodels;
			sourceTree = "<group>";
		};
		B2E99FD421D7A997006AC440 /* Data */ = {
			isa = PBXGroup;
			children = (
				B2E99FD521D7A9B2006AC440 /* Datahandler.swift */,
			);
			path = Data;
			sourceTree = "<group>";
		};
/* End PBXGroup section */

/* Begin PBXNativeTarget section */
		B247A59B218E472500A97B6E /* FosApp */ = {
			isa = PBXNativeTarget;
			buildConfigurationList = B247A5C6218E472B00A97B6E /* Build configuration list for PBXNativeTarget "FosApp" */;
			buildPhases = (
				ADF421C12DC3D0ECD0394E15 /* [CP] Check Pods Manifest.lock */,
				B247A598218E472500A97B6E /* Sources */,
				B247A599218E472500A97B6E /* Frameworks */,
				B247A59A218E472500A97B6E /* Resources */,
				B8E1B1452BAD0E836A0C84A2 /* [CP] Embed Pods Frameworks */,
			);
			buildRules = (
			);
			dependencies = (
			);
			name = FosApp;
			productName = FosApp;
			productReference = B247A59C218E472500A97B6E /* FosApp.app */;
			productType = "com.apple.product-type.application";
		};
		B247A5B1218E472B00A97B6E /* FosAppTests */ = {
			isa = PBXNativeTarget;
			buildConfigurationList = B247A5C9218E472B00A97B6E /* Build configuration list for PBXNativeTarget "FosAppTests" */;
			buildPhases = (
				DF47A203B0CF739386DBCC8E /* [CP] Check Pods Manifest.lock */,
				B247A5AE218E472B00A97B6E /* Sources */,
				B247A5AF218E472B00A97B6E /* Frameworks */,
				B247A5B0218E472B00A97B6E /* Resources */,
			);
			buildRules = (
			);
			dependencies = (
				B247A5B4218E472B00A97B6E /* PBXTargetDependency */,
			);
			name = FosAppTests;
			productName = FosAppTests;
			productReference = B247A5B2218E472B00A97B6E /* FosAppTests.xctest */;
			productType = "com.apple.product-type.bundle.unit-test";
		};
		B247A5BC218E472B00A97B6E /* FosAppUITests */ = {
			isa = PBXNativeTarget;
			buildConfigurationList = B247A5CC218E472B00A97B6E /* Build configuration list for PBXNativeTarget "FosAppUITests" */;
			buildPhases = (
				15C45FDFA6CF2BBB7BE793F6 /* [CP] Check Pods Manifest.lock */,
				B247A5B9218E472B00A97B6E /* Sources */,
				B247A5BA218E472B00A97B6E /* Frameworks */,
				B247A5BB218E472B00A97B6E /* Resources */,
			);
			buildRules = (
			);
			dependencies = (
				B247A5BF218E472B00A97B6E /* PBXTargetDependency */,
			);
			name = FosAppUITests;
			productName = FosAppUITests;
			productReference = B247A5BD218E472B00A97B6E /* FosAppUITests.xctest */;
			productType = "com.apple.product-type.bundle.ui-testing";
		};
/* End PBXNativeTarget section */

/* Begin PBXProject section */
		B247A594218E472500A97B6E /* Project object */ = {
			isa = PBXProject;
			attributes = {
				LastSwiftUpdateCheck = 1000;
				LastUpgradeCheck = 1000;
				ORGANIZATIONNAME = "Vital Vercleyen";
				TargetAttributes = {
					B247A59B218E472500A97B6E = {
						CreatedOnToolsVersion = 10.0;
					};
					B247A5B1218E472B00A97B6E = {
						CreatedOnToolsVersion = 10.0;
						TestTargetID = B247A59B218E472500A97B6E;
					};
					B247A5BC218E472B00A97B6E = {
						CreatedOnToolsVersion = 10.0;
						TestTargetID = B247A59B218E472500A97B6E;
					};
				};
			};
			buildConfigurationList = B247A597218E472500A97B6E /* Build configuration list for PBXProject "FosApp" */;
			compatibilityVersion = "Xcode 9.3";
			developmentRegion = en;
			hasScannedForEncodings = 0;
			knownRegions = (
				en,
				Base,
			);
			mainGroup = B247A593218E472500A97B6E;
			productRefGroup = B247A59D218E472500A97B6E /* Products */;
			projectDirPath = "";
			projectRoot = "";
			targets = (
				B247A59B218E472500A97B6E /* FosApp */,
				B247A5B1218E472B00A97B6E /* FosAppTests */,
				B247A5BC218E472B00A97B6E /* FosAppUITests */,
			);
		};
/* End PBXProject section */

/* Begin PBXResourcesBuildPhase section */
		B247A59A218E472500A97B6E /* Resources */ = {
			isa = PBXResourcesBuildPhase;
			buildActionMask = 2147483647;
			files = (
				B247A5AC218E472A00A97B6E /* LaunchScreen.storyboard in Resources */,
				B2E99FD821D7C1A7006AC440 /* GoogleService-Info.plist in Resources */,
				B247A5A9218E472A00A97B6E /* Assets.xcassets in Resources */,
				B247A5A7218E472600A97B6E /* Main.storyboard in Resources */,
			);
			runOnlyForDeploymentPostprocessing = 0;
		};
		B247A5B0218E472B00A97B6E /* Resources */ = {
			isa = PBXResourcesBuildPhase;
			buildActionMask = 2147483647;
			files = (
			);
			runOnlyForDeploymentPostprocessing = 0;
		};
		B247A5BB218E472B00A97B6E /* Resources */ = {
			isa = PBXResourcesBuildPhase;
			buildActionMask = 2147483647;
			files = (
			);
			runOnlyForDeploymentPostprocessing = 0;
		};
/* End PBXResourcesBuildPhase section */

/* Begin PBXShellScriptBuildPhase section */
		15C45FDFA6CF2BBB7BE793F6 /* [CP] Check Pods Manifest.lock */ = {
			isa = PBXShellScriptBuildPhase;
			buildActionMask = 2147483647;
			files = (
			);
			inputFileListPaths = (
			);
			inputPaths = (
				"${PODS_PODFILE_DIR_PATH}/Podfile.lock",
				"${PODS_ROOT}/Manifest.lock",
			);
			name = "[CP] Check Pods Manifest.lock";
			outputFileListPaths = (
			);
			outputPaths = (
				"$(DERIVED_FILE_DIR)/Pods-FosAppUITests-checkManifestLockResult.txt",
			);
			runOnlyForDeploymentPostprocessing = 0;
			shellPath = /bin/sh;
			shellScript = "diff \"${PODS_PODFILE_DIR_PATH}/Podfile.lock\" \"${PODS_ROOT}/Manifest.lock\" > /dev/null\nif [ $? != 0 ] ; then\n    # print error to STDERR\n    echo \"error: The sandbox is not in sync with the Podfile.lock. Run 'pod install' or update your CocoaPods installation.\" >&2\n    exit 1\nfi\n# This output is used by Xcode 'outputs' to avoid re-running this script phase.\necho \"SUCCESS\" > \"${SCRIPT_OUTPUT_FILE_0}\"\n";
			showEnvVarsInLog = 0;
		};
		ADF421C12DC3D0ECD0394E15 /* [CP] Check Pods Manifest.lock */ = {
			isa = PBXShellScriptBuildPhase;
			buildActionMask = 2147483647;
			files = (
			);
			inputFileListPaths = (
			);
			inputPaths = (
				"${PODS_PODFILE_DIR_PATH}/Podfile.lock",
				"${PODS_ROOT}/Manifest.lock",
			);
			name = "[CP] Check Pods Manifest.lock";
			outputFileListPaths = (
			);
			outputPaths = (
				"$(DERIVED_FILE_DIR)/Pods-FosApp-checkManifestLockResult.txt",
			);
			runOnlyForDeploymentPostprocessing = 0;
			shellPath = /bin/sh;
			shellScript = "diff \"${PODS_PODFILE_DIR_PATH}/Podfile.lock\" \"${PODS_ROOT}/Manifest.lock\" > /dev/null\nif [ $? != 0 ] ; then\n    # print error to STDERR\n    echo \"error: The sandbox is not in sync with the Podfile.lock. Run 'pod install' or update your CocoaPods installation.\" >&2\n    exit 1\nfi\n# This output is used by Xcode 'outputs' to avoid re-running this script phase.\necho \"SUCCESS\" > \"${SCRIPT_OUTPUT_FILE_0}\"\n";
			showEnvVarsInLog = 0;
		};
		B8E1B1452BAD0E836A0C84A2 /* [CP] Embed Pods Frameworks */ = {
			isa = PBXShellScriptBuildPhase;
			buildActionMask = 2147483647;
			files = (
			);
			inputFileListPaths = (
			);
			inputPaths = (
				"${SRCROOT}/Pods/Target Support Files/Pods-FosApp/Pods-FosApp-frameworks.sh",
				"${BUILT_PRODUCTS_DIR}/BoringSSL/openssl.framework",
				"${BUILT_PRODUCTS_DIR}/GoogleUtilities/GoogleUtilities.framework",
				"${BUILT_PRODUCTS_DIR}/Protobuf/Protobuf.framework",
				"${BUILT_PRODUCTS_DIR}/gRPC/GRPCClient.framework",
				"${BUILT_PRODUCTS_DIR}/gRPC-C++/grpcpp.framework",
				"${BUILT_PRODUCTS_DIR}/gRPC-Core/grpc.framework",
				"${BUILT_PRODUCTS_DIR}/gRPC-ProtoRPC/ProtoRPC.framework",
				"${BUILT_PRODUCTS_DIR}/gRPC-RxLibrary/RxLibrary.framework",
				"${BUILT_PRODUCTS_DIR}/leveldb-library/leveldb.framework",
				"${BUILT_PRODUCTS_DIR}/nanopb/nanopb.framework",
			);
			name = "[CP] Embed Pods Frameworks";
			outputFileListPaths = (
			);
			outputPaths = (
				"${TARGET_BUILD_DIR}/${FRAMEWORKS_FOLDER_PATH}/openssl.framework",
				"${TARGET_BUILD_DIR}/${FRAMEWORKS_FOLDER_PATH}/GoogleUtilities.framework",
				"${TARGET_BUILD_DIR}/${FRAMEWORKS_FOLDER_PATH}/Protobuf.framework",
				"${TARGET_BUILD_DIR}/${FRAMEWORKS_FOLDER_PATH}/GRPCClient.framework",
				"${TARGET_BUILD_DIR}/${FRAMEWORKS_FOLDER_PATH}/grpcpp.framework",
				"${TARGET_BUILD_DIR}/${FRAMEWORKS_FOLDER_PATH}/grpc.framework",
				"${TARGET_BUILD_DIR}/${FRAMEWORKS_FOLDER_PATH}/ProtoRPC.framework",
				"${TARGET_BUILD_DIR}/${FRAMEWORKS_FOLDER_PATH}/RxLibrary.framework",
				"${TARGET_BUILD_DIR}/${FRAMEWORKS_FOLDER_PATH}/leveldb.framework",
				"${TARGET_BUILD_DIR}/${FRAMEWORKS_FOLDER_PATH}/nanopb.framework",
			);
			runOnlyForDeploymentPostprocessing = 0;
			shellPath = /bin/sh;
			shellScript = "\"${SRCROOT}/Pods/Target Support Files/Pods-FosApp/Pods-FosApp-frameworks.sh\"\n";
			showEnvVarsInLog = 0;
		};
		DF47A203B0CF739386DBCC8E /* [CP] Check Pods Manifest.lock */ = {
			isa = PBXShellScriptBuildPhase;
			buildActionMask = 2147483647;
			files = (
			);
			inputFileListPaths = (
			);
			inputPaths = (
				"${PODS_PODFILE_DIR_PATH}/Podfile.lock",
				"${PODS_ROOT}/Manifest.lock",
			);
			name = "[CP] Check Pods Manifest.lock";
			outputFileListPaths = (
			);
			outputPaths = (
				"$(DERIVED_FILE_DIR)/Pods-FosAppTests-checkManifestLockResult.txt",
			);
			runOnlyForDeploymentPostprocessing = 0;
			shellPath = /bin/sh;
			shellScript = "diff \"${PODS_PODFILE_DIR_PATH}/Podfile.lock\" \"${PODS_ROOT}/Manifest.lock\" > /dev/null\nif [ $? != 0 ] ; then\n    # print error to STDERR\n    echo \"error: The sandbox is not in sync with the Podfile.lock. Run 'pod install' or update your CocoaPods installation.\" >&2\n    exit 1\nfi\n# This output is used by Xcode 'outputs' to avoid re-running this script phase.\necho \"SUCCESS\" > \"${SCRIPT_OUTPUT_FILE_0}\"\n";
			showEnvVarsInLog = 0;
		};
/* End PBXShellScriptBuildPhase section */

/* Begin PBXSourcesBuildPhase section */
		B247A598218E472500A97B6E /* Sources */ = {
			isa = PBXSourcesBuildPhase;
			buildActionMask = 2147483647;
			files = (
				B247A5A0218E472500A97B6E /* AppDelegate.swift in Sources */,
				B2E99FD321D791BC006AC440 /* KidInfoViewController.swift in Sources */,
				B2150A192199893200F4D498 /* ScoutsKidCell.swift in Sources */,
				B2E99FCF21D6574F006AC440 /* PresenceListViewModel.swift in Sources */,
				B2E99FD121D77D78006AC440 /* AddKidViewController.swift in Sources */,
				B2E99FD621D7A9B2006AC440 /* Datahandler.swift in Sources */,
				B247A5A2218E472600A97B6E /* FirstViewController.swift in Sources */,
				B2150A1E21998BED00F4D498 /* ScoutsKids.swift in Sources */,
			);
			runOnlyForDeploymentPostprocessing = 0;
		};
		B247A5AE218E472B00A97B6E /* Sources */ = {
			isa = PBXSourcesBuildPhase;
			buildActionMask = 2147483647;
			files = (
				B247A5B7218E472B00A97B6E /* FosAppTests.swift in Sources */,
			);
			runOnlyForDeploymentPostprocessing = 0;
		};
		B247A5B9218E472B00A97B6E /* Sources */ = {
			isa = PBXSourcesBuildPhase;
			buildActionMask = 2147483647;
			files = (
				B247A5C2218E472B00A97B6E /* FosAppUITests.swift in Sources */,
			);
			runOnlyForDeploymentPostprocessing = 0;
		};
/* End PBXSourcesBuildPhase section */

/* Begin PBXTargetDependency section */
		B247A5B4218E472B00A97B6E /* PBXTargetDependency */ = {
			isa = PBXTargetDependency;
			target = B247A59B218E472500A97B6E /* FosApp */;
			targetProxy = B247A5B3218E472B00A97B6E /* PBXContainerItemProxy */;
		};
		B247A5BF218E472B00A97B6E /* PBXTargetDependency */ = {
			isa = PBXTargetDependency;
			target = B247A59B218E472500A97B6E /* FosApp */;
			targetProxy = B247A5BE218E472B00A97B6E /* PBXContainerItemProxy */;
		};
/* End PBXTargetDependency section */

/* Begin PBXVariantGroup section */
		B247A5A5218E472600A97B6E /* Main.storyboard */ = {
			isa = PBXVariantGroup;
			children = (
				B247A5A6218E472600A97B6E /* Base */,
			);
			name = Main.storyboard;
			sourceTree = "<group>";
		};
		B247A5AA218E472A00A97B6E /* LaunchScreen.storyboard */ = {
			isa = PBXVariantGroup;
			children = (
				B247A5AB218E472A00A97B6E /* Base */,
			);
			name = LaunchScreen.storyboard;
			sourceTree = "<group>";
		};
/* End PBXVariantGroup section */

/* Begin XCBuildConfiguration section */
		B247A5C4218E472B00A97B6E /* Debug */ = {
			isa = XCBuildConfiguration;
			buildSettings = {
				ALWAYS_SEARCH_USER_PATHS = NO;
				CLANG_ANALYZER_NONNULL = YES;
				CLANG_ANALYZER_NUMBER_OBJECT_CONVERSION = YES_AGGRESSIVE;
				CLANG_CXX_LANGUAGE_STANDARD = "gnu++14";
				CLANG_CXX_LIBRARY = "libc++";
				CLANG_ENABLE_MODULES = YES;
				CLANG_ENABLE_OBJC_ARC = YES;
				CLANG_ENABLE_OBJC_WEAK = YES;
				CLANG_WARN_BLOCK_CAPTURE_AUTORELEASING = YES;
				CLANG_WARN_BOOL_CONVERSION = YES;
				CLANG_WARN_COMMA = YES;
				CLANG_WARN_CONSTANT_CONVERSION = YES;
				CLANG_WARN_DEPRECATED_OBJC_IMPLEMENTATIONS = YES;
				CLANG_WARN_DIRECT_OBJC_ISA_USAGE = YES_ERROR;
				CLANG_WARN_DOCUMENTATION_COMMENTS = YES;
				CLANG_WARN_EMPTY_BODY = YES;
				CLANG_WARN_ENUM_CONVERSION = YES;
				CLANG_WARN_INFINITE_RECURSION = YES;
				CLANG_WARN_INT_CONVERSION = YES;
				CLANG_WARN_NON_LITERAL_NULL_CONVERSION = YES;
				CLANG_WARN_OBJC_IMPLICIT_RETAIN_SELF = YES;
				CLANG_WARN_OBJC_LITERAL_CONVERSION = YES;
				CLANG_WARN_OBJC_ROOT_CLASS = YES_ERROR;
				CLANG_WARN_RANGE_LOOP_ANALYSIS = YES;
				CLANG_WARN_STRICT_PROTOTYPES = YES;
				CLANG_WARN_SUSPICIOUS_MOVE = YES;
				CLANG_WARN_UNGUARDED_AVAILABILITY = YES_AGGRESSIVE;
				CLANG_WARN_UNREACHABLE_CODE = YES;
				CLANG_WARN__DUPLICATE_METHOD_MATCH = YES;
				CODE_SIGN_IDENTITY = "iPhone Developer";
				COPY_PHASE_STRIP = NO;
				DEBUG_INFORMATION_FORMAT = dwarf;
				ENABLE_STRICT_OBJC_MSGSEND = YES;
				ENABLE_TESTABILITY = YES;
				GCC_C_LANGUAGE_STANDARD = gnu11;
				GCC_DYNAMIC_NO_PIC = NO;
				GCC_NO_COMMON_BLOCKS = YES;
				GCC_OPTIMIZATION_LEVEL = 0;
				GCC_PREPROCESSOR_DEFINITIONS = (
					"DEBUG=1",
					"$(inherited)",
				);
				GCC_WARN_64_TO_32_BIT_CONVERSION = YES;
				GCC_WARN_ABOUT_RETURN_TYPE = YES_ERROR;
				GCC_WARN_UNDECLARED_SELECTOR = YES;
				GCC_WARN_UNINITIALIZED_AUTOS = YES_AGGRESSIVE;
				GCC_WARN_UNUSED_FUNCTION = YES;
				GCC_WARN_UNUSED_VARIABLE = YES;
				IPHONEOS_DEPLOYMENT_TARGET = 12.0;
				MTL_ENABLE_DEBUG_INFO = INCLUDE_SOURCE;
				MTL_FAST_MATH = YES;
				ONLY_ACTIVE_ARCH = YES;
				SDKROOT = iphoneos;
				SWIFT_ACTIVE_COMPILATION_CONDITIONS = DEBUG;
				SWIFT_OPTIMIZATION_LEVEL = "-Onone";
			};
			name = Debug;
		};
		B247A5C5218E472B00A97B6E /* Release */ = {
			isa = XCBuildConfiguration;
			buildSettings = {
				ALWAYS_SEARCH_USER_PATHS = NO;
				CLANG_ANALYZER_NONNULL = YES;
				CLANG_ANALYZER_NUMBER_OBJECT_CONVERSION = YES_AGGRESSIVE;
				CLANG_CXX_LANGUAGE_STANDARD = "gnu++14";
				CLANG_CXX_LIBRARY = "libc++";
				CLANG_ENABLE_MODULES = YES;
				CLANG_ENABLE_OBJC_ARC = YES;
				CLANG_ENABLE_OBJC_WEAK = YES;
				CLANG_WARN_BLOCK_CAPTURE_AUTORELEASING = YES;
				CLANG_WARN_BOOL_CONVERSION = YES;
				CLANG_WARN_COMMA = YES;
				CLANG_WARN_CONSTANT_CONVERSION = YES;
				CLANG_WARN_DEPRECATED_OBJC_IMPLEMENTATIONS = YES;
				CLANG_WARN_DIRECT_OBJC_ISA_USAGE = YES_ERROR;
				CLANG_WARN_DOCUMENTATION_COMMENTS = YES;
				CLANG_WARN_EMPTY_BODY = YES;
				CLANG_WARN_ENUM_CONVERSION = YES;
				CLANG_WARN_INFINITE_RECURSION = YES;
				CLANG_WARN_INT_CONVERSION = YES;
				CLANG_WARN_NON_LITERAL_NULL_CONVERSION = YES;
				CLANG_WARN_OBJC_IMPLICIT_RETAIN_SELF = YES;
				CLANG_WARN_OBJC_LITERAL_CONVERSION = YES;
				CLANG_WARN_OBJC_ROOT_CLASS = YES_ERROR;
				CLANG_WARN_RANGE_LOOP_ANALYSIS = YES;
				CLANG_WARN_STRICT_PROTOTYPES = YES;
				CLANG_WARN_SUSPICIOUS_MOVE = YES;
				CLANG_WARN_UNGUARDED_AVAILABILITY = YES_AGGRESSIVE;
				CLANG_WARN_UNREACHABLE_CODE = YES;
				CLANG_WARN__DUPLICATE_METHOD_MATCH = YES;
				CODE_SIGN_IDENTITY = "iPhone Developer";
				COPY_PHASE_STRIP = NO;
				DEBUG_INFORMATION_FORMAT = "dwarf-with-dsym";
				ENABLE_NS_ASSERTIONS = NO;
				ENABLE_STRICT_OBJC_MSGSEND = YES;
				GCC_C_LANGUAGE_STANDARD = gnu11;
				GCC_NO_COMMON_BLOCKS = YES;
				GCC_WARN_64_TO_32_BIT_CONVERSION = YES;
				GCC_WARN_ABOUT_RETURN_TYPE = YES_ERROR;
				GCC_WARN_UNDECLARED_SELECTOR = YES;
				GCC_WARN_UNINITIALIZED_AUTOS = YES_AGGRESSIVE;
				GCC_WARN_UNUSED_FUNCTION = YES;
				GCC_WARN_UNUSED_VARIABLE = YES;
				IPHONEOS_DEPLOYMENT_TARGET = 12.0;
				MTL_ENABLE_DEBUG_INFO = NO;
				MTL_FAST_MATH = YES;
				SDKROOT = iphoneos;
				SWIFT_COMPILATION_MODE = wholemodule;
				SWIFT_OPTIMIZATION_LEVEL = "-O";
				VALIDATE_PRODUCT = YES;
			};
			name = Release;
		};
		B247A5C7218E472B00A97B6E /* Debug */ = {
			isa = XCBuildConfiguration;
			baseConfigurationReference = BDFF7F44A9091C70134D82B3 /* Pods-FosApp.debug.xcconfig */;
			buildSettings = {
				ASSETCATALOG_COMPILER_APPICON_NAME = AppIcon;
				CODE_SIGN_STYLE = Automatic;
				INFOPLIST_FILE = FosApp/Info.plist;
				LD_RUNPATH_SEARCH_PATHS = (
					"$(inherited)",
					"@executable_path/Frameworks",
				);
				PRODUCT_BUNDLE_IDENTIFIER = Vital.FosApp;
				PRODUCT_NAME = "$(TARGET_NAME)";
				SWIFT_VERSION = 4.2;
				TARGETED_DEVICE_FAMILY = "1,2";
			};
			name = Debug;
		};
		B247A5C8218E472B00A97B6E /* Release */ = {
			isa = XCBuildConfiguration;
			baseConfigurationReference = D6D3C1E3C7843D3775FBAD0D /* Pods-FosApp.release.xcconfig */;
			buildSettings = {
				ASSETCATALOG_COMPILER_APPICON_NAME = AppIcon;
				CODE_SIGN_STYLE = Automatic;
				INFOPLIST_FILE = FosApp/Info.plist;
				LD_RUNPATH_SEARCH_PATHS = (
					"$(inherited)",
					"@executable_path/Frameworks",
				);
				PRODUCT_BUNDLE_IDENTIFIER = Vital.FosApp;
				PRODUCT_NAME = "$(TARGET_NAME)";
				SWIFT_VERSION = 4.2;
				TARGETED_DEVICE_FAMILY = "1,2";
			};
			name = Release;
		};
		B247A5CA218E472B00A97B6E /* Debug */ = {
			isa = XCBuildConfiguration;
			baseConfigurationReference = 8A13882976D28DB26135E44E /* Pods-FosAppTests.debug.xcconfig */;
			buildSettings = {
				ALWAYS_EMBED_SWIFT_STANDARD_LIBRARIES = YES;
				BUNDLE_LOADER = "$(TEST_HOST)";
				CODE_SIGN_STYLE = Automatic;
				INFOPLIST_FILE = FosAppTests/Info.plist;
				LD_RUNPATH_SEARCH_PATHS = (
					"$(inherited)",
					"@executable_path/Frameworks",
					"@loader_path/Frameworks",
				);
				PRODUCT_BUNDLE_IDENTIFIER = Vital.FosAppTests;
				PRODUCT_NAME = "$(TARGET_NAME)";
				SWIFT_VERSION = 4.2;
				TARGETED_DEVICE_FAMILY = "1,2";
				TEST_HOST = "$(BUILT_PRODUCTS_DIR)/FosApp.app/FosApp";
			};
			name = Debug;
		};
		B247A5CB218E472B00A97B6E /* Release */ = {
			isa = XCBuildConfiguration;
			baseConfigurationReference = 5B92A5191C897A36201E8C1C /* Pods-FosAppTests.release.xcconfig */;
			buildSettings = {
				ALWAYS_EMBED_SWIFT_STANDARD_LIBRARIES = YES;
				BUNDLE_LOADER = "$(TEST_HOST)";
				CODE_SIGN_STYLE = Automatic;
				INFOPLIST_FILE = FosAppTests/Info.plist;
				LD_RUNPATH_SEARCH_PATHS = (
					"$(inherited)",
					"@executable_path/Frameworks",
					"@loader_path/Frameworks",
				);
				PRODUCT_BUNDLE_IDENTIFIER = Vital.FosAppTests;
				PRODUCT_NAME = "$(TARGET_NAME)";
				SWIFT_VERSION = 4.2;
				TARGETED_DEVICE_FAMILY = "1,2";
				TEST_HOST = "$(BUILT_PRODUCTS_DIR)/FosApp.app/FosApp";
			};
			name = Release;
		};
		B247A5CD218E472B00A97B6E /* Debug */ = {
			isa = XCBuildConfiguration;
			baseConfigurationReference = CDDFCB5E122DAA4DC3485C7C /* Pods-FosAppUITests.debug.xcconfig */;
			buildSettings = {
				ALWAYS_EMBED_SWIFT_STANDARD_LIBRARIES = YES;
				CODE_SIGN_STYLE = Automatic;
				INFOPLIST_FILE = FosAppUITests/Info.plist;
				LD_RUNPATH_SEARCH_PATHS = (
					"$(inherited)",
					"@executable_path/Frameworks",
					"@loader_path/Frameworks",
				);
				PRODUCT_BUNDLE_IDENTIFIER = Vital.FosAppUITests;
				PRODUCT_NAME = "$(TARGET_NAME)";
				SWIFT_VERSION = 4.2;
				TARGETED_DEVICE_FAMILY = "1,2";
				TEST_TARGET_NAME = FosApp;
			};
			name = Debug;
		};
		B247A5CE218E472B00A97B6E /* Release */ = {
			isa = XCBuildConfiguration;
			baseConfigurationReference = C0EF602F95A7D541155B3E84 /* Pods-FosAppUITests.release.xcconfig */;
			buildSettings = {
				ALWAYS_EMBED_SWIFT_STANDARD_LIBRARIES = YES;
				CODE_SIGN_STYLE = Automatic;
				INFOPLIST_FILE = FosAppUITests/Info.plist;
				LD_RUNPATH_SEARCH_PATHS = (
					"$(inherited)",
					"@executable_path/Frameworks",
					"@loader_path/Frameworks",
				);
				PRODUCT_BUNDLE_IDENTIFIER = Vital.FosAppUITests;
				PRODUCT_NAME = "$(TARGET_NAME)";
				SWIFT_VERSION = 4.2;
				TARGETED_DEVICE_FAMILY = "1,2";
				TEST_TARGET_NAME = FosApp;
			};
			name = Release;
		};
/* End XCBuildConfiguration section */

/* Begin XCConfigurationList section */
		B247A597218E472500A97B6E /* Build configuration list for PBXProject "FosApp" */ = {
			isa = XCConfigurationList;
			buildConfigurations = (
				B247A5C4218E472B00A97B6E /* Debug */,
				B247A5C5218E472B00A97B6E /* Release */,
			);
			defaultConfigurationIsVisible = 0;
			defaultConfigurationName = Release;
		};
		B247A5C6218E472B00A97B6E /* Build configuration list for PBXNativeTarget "FosApp" */ = {
			isa = XCConfigurationList;
			buildConfigurations = (
				B247A5C7218E472B00A97B6E /* Debug */,
				B247A5C8218E472B00A97B6E /* Release */,
			);
			defaultConfigurationIsVisible = 0;
			defaultConfigurationName = Release;
		};
		B247A5C9218E472B00A97B6E /* Build configuration list for PBXNativeTarget "FosAppTests" */ = {
			isa = XCConfigurationList;
			buildConfigurations = (
				B247A5CA218E472B00A97B6E /* Debug */,
				B247A5CB218E472B00A97B6E /* Release */,
			);
			defaultConfigurationIsVisible = 0;
			defaultConfigurationName = Release;
		};
		B247A5CC218E472B00A97B6E /* Build configuration list for PBXNativeTarget "FosAppUITests" */ = {
			isa = XCConfigurationList;
			buildConfigurations = (
				B247A5CD218E472B00A97B6E /* Debug */,
				B247A5CE218E472B00A97B6E /* Release */,
			);
			defaultConfigurationIsVisible = 0;
			defaultConfigurationName = Release;
		};
/* End XCConfigurationList section */
	};
	rootObject = B247A594218E472500A97B6E /* Project object */;
}
